lockVersion: 2.0.0
id: 2acca2a2-0710-414b-8e2d-335bcf8aeb6a
management:
  docChecksum: 0311889a7ed4b464557a7a4f2b1e2c2e
  docVersion: 1.0.0
  speakeasyVersion: internal
  generationVersion: 2.231.0
  releaseVersion: 0.5.0
  configChecksum: c3847e5cc94dfc83b95bdac6d7d6985d
  repoURL: https://github.com/speakeasy-sdks/moov-go.git
  repoSubDirectory: .
  installationURL: https://github.com/speakeasy-sdks/moov-go
  published: true
features:
  go:
    constsAndDefaults: 0.1.2
    core: 3.3.0
    deprecations: 2.81.1
    downloadStreams: 0.1.1
    examples: 2.81.3
    flattening: 2.81.1
    globalSecurity: 2.82.3
    globalServerURLs: 2.82.1
    ignores: 2.81.1
    methodServerURLs: 2.82.1
    nameOverrides: 2.81.1
    unions: 2.85.2
generatedFiles:
  - accounts.go
  - cards.go
  - bankaccounts.go
  - capabilities.go
  - files.go
  - paymentmethods.go
  - representatives.go
  - underwriting.go
  - wallets.go
  - analytics.go
  - enrichment.go
  - disputes.go
  - institutions.go
  - cardissuing.go
  - transactions.go
  - accesstoken.go
  - transfers.go
  - moov.go
  - go.mod
  - go.sum
  - tests/helpers.go
  - pkg/models/sdkerrors/sdkerror.go
  - pkg/types/bigint.go
  - pkg/types/date.go
  - pkg/types/datetime.go
  - pkg/types/decimal.go
  - pkg/types/pointers.go
  - pkg/utils/contenttype.go
  - pkg/utils/form.go
  - pkg/utils/headers.go
  - pkg/utils/json.go
  - pkg/utils/pathparams.go
  - pkg/utils/queryparams.go
  - pkg/utils/requestbody.go
  - pkg/utils/retries.go
  - pkg/utils/security.go
  - pkg/utils/utils.go
  - /pkg/models/operations/putaccountcountries.go
  - /pkg/models/operations/createaccount.go
  - /pkg/models/operations/getaccount.go
  - /pkg/models/operations/gettermsofservicetoken.go
  - /pkg/models/operations/listaccounts.go
  - /pkg/models/operations/getaccountcountries.go
  - /pkg/models/operations/patchaccount.go
  - /pkg/models/operations/postlinkapplepaytoken.go
  - /pkg/models/operations/postlinkcard.go
  - /pkg/models/operations/getlistcards.go
  - /pkg/models/operations/postapplepaysession.go
  - /pkg/models/operations/deletecard.go
  - /pkg/models/operations/getcard.go
  - /pkg/models/operations/getapplepaymerchantdomains.go
  - /pkg/models/operations/postapplepaymerchantdomains.go
  - /pkg/models/operations/updatecard.go
  - /pkg/models/operations/updateapplepaymerchantdomains.go
  - /pkg/models/operations/postinitiatemicrodeposits.go
  - /pkg/models/operations/putcompletemicrodeposits.go
  - /pkg/models/operations/deletebankaccount.go
  - /pkg/models/operations/getbankaccount.go
  - /pkg/models/operations/linkbankaccount.go
  - /pkg/models/operations/listbankaccounts.go
  - /pkg/models/operations/deletecapability.go
  - /pkg/models/operations/getcapability.go
  - /pkg/models/operations/listcapabilities.go
  - /pkg/models/operations/postcapability.go
  - /pkg/models/operations/getfiledetails.go
  - /pkg/models/operations/listfiles.go
  - /pkg/models/operations/uploadfile.go
  - /pkg/models/operations/getpaymentmethod.go
  - /pkg/models/operations/listpaymentmethods.go
  - /pkg/models/operations/createrepresentative.go
  - /pkg/models/operations/deleterepresentative.go
  - /pkg/models/operations/getrepresentative.go
  - /pkg/models/operations/listrepresentatives.go
  - /pkg/models/operations/patchrepresentative.go
  - /pkg/models/operations/getunderwriting.go
  - /pkg/models/operations/updateunderwriting.go
  - /pkg/models/operations/getwalletforaccount.go
  - /pkg/models/operations/getwallettransaction.go
  - /pkg/models/operations/listwalletsforaccount.go
  - /pkg/models/operations/listwallettransactions.go
  - /pkg/models/operations/postanalyticsaccountscreated.go
  - /pkg/models/operations/postanalyticstransferstatuses.go
  - /pkg/models/operations/postanalyticstransferlargest.go
  - /pkg/models/operations/postanalyticstransfersmallest.go
  - /pkg/models/operations/postanalyticstransfersum.go
  - /pkg/models/operations/getaddress.go
  - /pkg/models/operations/getavatar.go
  - /pkg/models/operations/getindustries.go
  - /pkg/models/operations/getenrichmentprofile.go
  - /pkg/models/operations/getdispute.go
  - /pkg/models/operations/listdisputes.go
  - /pkg/models/operations/searchinstitution.go
  - /pkg/models/operations/postrequestcard.go
  - /pkg/models/operations/getissuedcard.go
  - /pkg/models/operations/getfullissuedcard.go
  - /pkg/models/operations/listissuedcards.go
  - /pkg/models/operations/updateissuedcard.go
  - /pkg/models/operations/listaccountissuedcardtransactions.go
  - /pkg/models/operations/postoauth2token.go
  - /pkg/models/operations/revokeoauth2token.go
  - /pkg/models/operations/canceltransfer.go
  - /pkg/models/operations/createtransfer.go
  - /pkg/models/operations/createtransferoptions.go
  - /pkg/models/operations/gettransfer.go
  - /pkg/models/operations/getrefund.go
  - /pkg/models/operations/listrefunds.go
  - /pkg/models/operations/refundtransfer.go
  - /pkg/models/operations/patchtransfer.go
  - /pkg/models/shared/countries.go
  - /pkg/models/shared/account.go
  - /pkg/models/shared/verification.go
  - /pkg/models/shared/accountverificationstatus.go
  - /pkg/models/shared/verificationstatus.go
  - /pkg/models/shared/document.go
  - /pkg/models/shared/verificationstatusdetails.go
  - /pkg/models/shared/profile.go
  - /pkg/models/shared/name.go
  - /pkg/models/shared/representative.go
  - /pkg/models/shared/businesstype.go
  - /pkg/models/shared/mode.go
  - /pkg/models/shared/accounttype.go
  - /pkg/models/shared/createaccountrequest.go
  - /pkg/models/shared/createprofile.go
  - /pkg/models/shared/ein.go
  - /pkg/models/shared/capabilityid.go
  - /pkg/models/shared/termsofservicetoken.go
  - /pkg/models/shared/patchaccountrequest.go
  - /pkg/models/shared/linkedapplepaypaymentmethod.go
  - /pkg/models/shared/paymentmethodstype.go
  - /pkg/models/shared/applepayresponse.go
  - /pkg/models/shared/cardexpiration.go
  - /pkg/models/shared/cardtype.go
  - /pkg/models/shared/cardbrand.go
  - /pkg/models/shared/linkapplepay.go
  - /pkg/models/shared/card.go
  - /pkg/models/shared/cardverifications.go
  - /pkg/models/shared/cardverificationresult.go
  - /pkg/models/shared/cardaccountupdater.go
  - /pkg/models/shared/cardupdatereason.go
  - /pkg/models/shared/address.go
  - /pkg/models/shared/schemaswaitfor.go
  - /pkg/models/shared/cardrequest.go
  - /pkg/models/shared/createapplepaysession.go
  - /pkg/models/shared/applepaymerchantdomains.go
  - /pkg/models/shared/registerapplepaymerchantdomains.go
  - /pkg/models/shared/cardupdaterequest.go
  - /pkg/models/shared/updatecardexpiration.go
  - /pkg/models/shared/updateaddress.go
  - /pkg/models/shared/updateapplepaymerchantdomains.go
  - /pkg/models/shared/completemicrodepositsresponse.go
  - /pkg/models/shared/microdepositstatus.go
  - /pkg/models/shared/completemicrodepositsrequest.go
  - /pkg/models/shared/bankaccountresponse.go
  - /pkg/models/shared/bankaccountstatus.go
  - /pkg/models/shared/holdertype.go
  - /pkg/models/shared/bankaccounttype.go
  - /pkg/models/shared/bankaccountpayload.go
  - /pkg/models/shared/bankaccount.go
  - /pkg/models/shared/bankaccountintegration.go
  - /pkg/models/shared/plaid.go
  - /pkg/models/shared/plaidintegration.go
  - /pkg/models/shared/plaidlink.go
  - /pkg/models/shared/plaidlinkintegration.go
  - /pkg/models/shared/mx.go
  - /pkg/models/shared/mxauthorizationcode.go
  - /pkg/models/shared/capability.go
  - /pkg/models/shared/capabilitystatus.go
  - /pkg/models/shared/requirement.go
  - /pkg/models/shared/requirementerror.go
  - /pkg/models/shared/requirementid.go
  - /pkg/models/shared/requirementerrorcode.go
  - /pkg/models/shared/addcapabilityrequest.go
  - /pkg/models/shared/file.go
  - /pkg/models/shared/filestatus.go
  - /pkg/models/shared/filepurpose.go
  - /pkg/models/shared/fileuploadrequest.go
  - /pkg/models/shared/createrepresentative.go
  - /pkg/models/shared/patchrepresentativerequest.go
  - /pkg/models/shared/underwriting.go
  - /pkg/models/shared/underwritingstatus.go
  - /pkg/models/shared/underwritingrequest.go
  - /pkg/models/shared/wallet.go
  - /pkg/models/shared/amount.go
  - /pkg/models/shared/wallettransaction.go
  - /pkg/models/shared/wallettransactiontype.go
  - /pkg/models/shared/wallettransactionstatus.go
  - /pkg/models/shared/wallettransactionsourcetype.go
  - /pkg/models/shared/timerange.go
  - /pkg/models/shared/limitedtimerange.go
  - /pkg/models/shared/enrichmentaddress.go
  - /pkg/models/shared/industries.go
  - /pkg/models/shared/industry.go
  - /pkg/models/shared/enrichmentprofile.go
  - /pkg/models/shared/enrichedbusiness.go
  - /pkg/models/shared/phone.go
  - /pkg/models/shared/enrichedindustrycodes.go
  - /pkg/models/shared/dispute.go
  - /pkg/models/shared/transfer.go
  - /pkg/models/shared/disputestatus.go
  - /pkg/models/shared/financialinstitutions.go
  - /pkg/models/shared/wireparticipant.go
  - /pkg/models/shared/wirelocation.go
  - /pkg/models/shared/achparticipant.go
  - /pkg/models/shared/achlocation.go
  - /pkg/models/shared/rail.go
  - /pkg/models/shared/issuedcard.go
  - /pkg/models/shared/issuedcardtype.go
  - /pkg/models/shared/issuedcardstate.go
  - /pkg/models/shared/authorizeduser.go
  - /pkg/models/shared/authorizationcontrols.go
  - /pkg/models/shared/authorizationspendlimitcontrol.go
  - /pkg/models/shared/authorizationspendduration.go
  - /pkg/models/shared/requestcard.go
  - /pkg/models/shared/createauthorizeduser.go
  - /pkg/models/shared/birthdate.go
  - /pkg/models/shared/fullissuedcard.go
  - /pkg/models/shared/updateissuedcard.go
  - /pkg/models/shared/issuedcardtransaction.go
  - /pkg/models/shared/issuedcardtransactiontype.go
  - /pkg/models/shared/issuedcardtransactionstatus.go
  - /pkg/models/shared/issuedcardtransactionmerchant.go
  - /pkg/models/shared/accesstokenresponse.go
  - /pkg/models/shared/clientcredentialsgranttoaccesstokenresponse.go
  - /pkg/models/shared/clientcredentialsgranttoaccesstokenerrorresponse.go
  - /pkg/models/shared/clientcredentialsgranttoaccesstokenrequest.go
  - /pkg/models/shared/revoketokenrequest.go
  - /pkg/models/shared/refundstatus.go
  - /pkg/models/shared/refundcarddetails.go
  - /pkg/models/shared/refundcardstatus.go
  - /pkg/models/shared/cardfailurecode.go
  - /pkg/models/shared/createdcancellation.go
  - /pkg/models/shared/cancellationstatus.go
  - /pkg/models/shared/createreversal.go
  - /pkg/models/shared/transferpostresponse.go
  - /pkg/models/shared/createdtransfer.go
  - /pkg/models/shared/transferstatus.go
  - /pkg/models/shared/gettransferfullsource.go
  - /pkg/models/shared/carddetails.go
  - /pkg/models/shared/transactionsource.go
  - /pkg/models/shared/cardstatus.go
  - /pkg/models/shared/achdetailssource.go
  - /pkg/models/shared/achstatus.go
  - /pkg/models/shared/achexception.go
  - /pkg/models/shared/debitholdperiod.go
  - /pkg/models/shared/gettransferpartialaccount.go
  - /pkg/models/shared/failurereason.go
  - /pkg/models/shared/getfacilitatorfee.go
  - /pkg/models/shared/getdispute.go
  - /pkg/models/shared/gettransferfullsourcedestination.go
  - /pkg/models/shared/achdetailsbase.go
  - /pkg/models/shared/waitfor.go
  - /pkg/models/shared/createtransfer.go
  - /pkg/models/shared/createcarddetails.go
  - /pkg/models/shared/createachdetailssource.go
  - /pkg/models/shared/createfacilitatorfee.go
  - /pkg/models/shared/createachdetailsbase.go
  - /pkg/models/shared/paymentmethod.go
  - /pkg/models/shared/createtransferoptions.go
  - /pkg/models/shared/refundpostresponse.go
  - /pkg/models/shared/createdrefund.go
  - /pkg/models/shared/createrefund.go
  - /pkg/models/shared/patchtransfer.go
  - /pkg/models/shared/security.go
  - /pkg/models/shared/schemeoauth2credentials.go
  - /pkg/models/sdkerrors/capabilityrequesterror.go
  - /pkg/models/sdkerrors/accesstokenerrorresponse.go
  - /pkg/models/sdkerrors/createdreversal.go
  - /pkg/models/sdkerrors/error.go
  - /pkg/models/sdkerrors/getrefund.go
  - /pkg/models/sdkerrors/gettransferfull.go
  - docs/pkg/models/operations/putaccountcountriesrequest.md
  - docs/pkg/models/operations/putaccountcountriesresponse.md
  - docs/pkg/models/operations/createaccountresponse.md
  - docs/pkg/models/operations/getaccountrequest.md
  - docs/pkg/models/operations/getaccountresponse.md
  - docs/pkg/models/operations/gettermsofservicetokenresponse.md
  - docs/pkg/models/operations/listaccountsrequest.md
  - docs/pkg/models/operations/listaccountsresponse.md
  - docs/pkg/models/operations/getaccountcountriesrequest.md
  - docs/pkg/models/operations/getaccountcountriesresponse.md
  - docs/pkg/models/operations/patchaccountrequest.md
  - docs/pkg/models/operations/patchaccountresponse.md
  - docs/pkg/models/operations/postlinkapplepaytokenrequest.md
  - docs/pkg/models/operations/postlinkapplepaytokenresponse.md
  - docs/pkg/models/operations/postlinkcardrequest.md
  - docs/pkg/models/operations/postlinkcardresponse.md
  - docs/pkg/models/operations/getlistcardsrequest.md
  - docs/pkg/models/operations/getlistcardsresponse.md
  - docs/pkg/models/operations/postapplepaysessionrequest.md
  - docs/pkg/models/operations/postapplepaysessionresponse.md
  - docs/pkg/models/operations/deletecardrequest.md
  - docs/pkg/models/operations/deletecardresponse.md
  - docs/pkg/models/operations/getcardrequest.md
  - docs/pkg/models/operations/getcardresponse.md
  - docs/pkg/models/operations/getapplepaymerchantdomainsrequest.md
  - docs/pkg/models/operations/getapplepaymerchantdomainsresponse.md
  - docs/pkg/models/operations/postapplepaymerchantdomainsrequest.md
  - docs/pkg/models/operations/postapplepaymerchantdomainsresponse.md
  - docs/pkg/models/operations/updatecardrequest.md
  - docs/pkg/models/operations/updatecardresponse.md
  - docs/pkg/models/operations/updateapplepaymerchantdomainsrequest.md
  - docs/pkg/models/operations/updateapplepaymerchantdomainsresponse.md
  - docs/pkg/models/operations/postinitiatemicrodepositsrequest.md
  - docs/pkg/models/operations/postinitiatemicrodepositsresponse.md
  - docs/pkg/models/operations/putcompletemicrodepositsrequest.md
  - docs/pkg/models/operations/putcompletemicrodepositsresponse.md
  - docs/pkg/models/operations/deletebankaccountrequest.md
  - docs/pkg/models/operations/deletebankaccountresponse.md
  - docs/pkg/models/operations/getbankaccountrequest.md
  - docs/pkg/models/operations/getbankaccountresponse.md
  - docs/pkg/models/operations/linkbankaccountrequest.md
  - docs/pkg/models/operations/linkbankaccountresponse.md
  - docs/pkg/models/operations/listbankaccountsrequest.md
  - docs/pkg/models/operations/listbankaccountsresponse.md
  - docs/pkg/models/operations/deletecapabilityrequest.md
  - docs/pkg/models/operations/deletecapabilityresponse.md
  - docs/pkg/models/operations/getcapabilityrequest.md
  - docs/pkg/models/operations/getcapabilityresponse.md
  - docs/pkg/models/operations/listcapabilitiesrequest.md
  - docs/pkg/models/operations/listcapabilitiesresponse.md
  - docs/pkg/models/operations/postcapabilityrequest.md
  - docs/pkg/models/operations/postcapabilityresponse.md
  - docs/pkg/models/operations/getfiledetailsrequest.md
  - docs/pkg/models/operations/getfiledetailsresponse.md
  - docs/pkg/models/operations/listfilesrequest.md
  - docs/pkg/models/operations/listfilesresponse.md
  - docs/pkg/models/operations/uploadfilerequest.md
  - docs/pkg/models/operations/uploadfileresponse.md
  - docs/pkg/models/operations/getpaymentmethodrequest.md
  - docs/pkg/models/operations/getpaymentmethodresponse.md
  - docs/pkg/models/operations/listpaymentmethodsrequest.md
  - docs/pkg/models/operations/listpaymentmethodsresponse.md
  - docs/pkg/models/operations/createrepresentativerequest.md
  - docs/pkg/models/operations/createrepresentativeresponse.md
  - docs/pkg/models/operations/deleterepresentativerequest.md
  - docs/pkg/models/operations/deleterepresentativeresponse.md
  - docs/pkg/models/operations/getrepresentativerequest.md
  - docs/pkg/models/operations/getrepresentativeresponse.md
  - docs/pkg/models/operations/listrepresentativesrequest.md
  - docs/pkg/models/operations/listrepresentativesresponse.md
  - docs/pkg/models/operations/patchrepresentativerequest.md
  - docs/pkg/models/operations/patchrepresentativeresponse.md
  - docs/pkg/models/operations/getunderwritingrequest.md
  - docs/pkg/models/operations/getunderwritingresponse.md
  - docs/pkg/models/operations/updateunderwritingrequest.md
  - docs/pkg/models/operations/updateunderwritingresponse.md
  - docs/pkg/models/operations/getwalletforaccountrequest.md
  - docs/pkg/models/operations/getwalletforaccountresponse.md
  - docs/pkg/models/operations/getwallettransactionrequest.md
  - docs/pkg/models/operations/getwallettransactionresponse.md
  - docs/pkg/models/operations/listwalletsforaccountrequest.md
  - docs/pkg/models/operations/listwalletsforaccountresponse.md
  - docs/pkg/models/operations/listwallettransactionsrequest.md
  - docs/pkg/models/operations/listwallettransactionsresponse.md
  - docs/pkg/models/operations/postanalyticsaccountscreatedresponse.md
  - docs/pkg/models/operations/postanalyticstransferstatusesresponse.md
  - docs/pkg/models/operations/postanalyticstransferlargestresponse.md
  - docs/pkg/models/operations/postanalyticstransfersmallestresponse.md
  - docs/pkg/models/operations/postanalyticstransfersumresponse.md
  - docs/pkg/models/operations/getaddressrequest.md
  - docs/pkg/models/operations/getaddressresponse.md
  - docs/pkg/models/operations/getavatarrequest.md
  - docs/pkg/models/operations/getavatarresponse.md
  - docs/pkg/models/operations/getindustriesresponse.md
  - docs/pkg/models/operations/getenrichmentprofilerequest.md
  - docs/pkg/models/operations/getenrichmentprofileresponse.md
  - docs/pkg/models/operations/getdisputerequest.md
  - docs/pkg/models/operations/getdisputeresponse.md
  - docs/pkg/models/operations/listdisputesrequest.md
  - docs/pkg/models/operations/listdisputesresponse.md
  - docs/pkg/models/operations/searchinstitutionrequest.md
  - docs/pkg/models/operations/searchinstitutionresponse.md
  - docs/pkg/models/operations/postrequestcardrequest.md
  - docs/pkg/models/operations/postrequestcardresponse.md
  - docs/pkg/models/operations/getissuedcardrequest.md
  - docs/pkg/models/operations/getissuedcardresponse.md
  - docs/pkg/models/operations/getfullissuedcardrequest.md
  - docs/pkg/models/operations/getfullissuedcardresponse.md
  - docs/pkg/models/operations/listissuedcardsrequest.md
  - docs/pkg/models/operations/listissuedcardsresponse.md
  - docs/pkg/models/operations/updateissuedcardrequest.md
  - docs/pkg/models/operations/updateissuedcardresponse.md
  - docs/pkg/models/operations/listaccountissuedcardtransactionsrequest.md
  - docs/pkg/models/operations/listaccountissuedcardtransactionsresponse.md
  - docs/pkg/models/operations/postoauth2tokenresponse.md
  - docs/pkg/models/operations/revokeoauth2tokenresponse.md
  - docs/pkg/models/operations/canceltransferrequest.md
  - docs/pkg/models/operations/canceltransferresponse.md
  - docs/pkg/models/operations/createtransferrequest.md
  - docs/pkg/models/operations/createtransferresponse.md
  - docs/pkg/models/operations/createtransferoptionsresponse.md
  - docs/pkg/models/operations/gettransferrequest.md
  - docs/pkg/models/operations/gettransferresponse.md
  - docs/pkg/models/operations/getrefundrequest.md
  - docs/pkg/models/operations/getrefundresponse.md
  - docs/pkg/models/operations/listrefundsrequest.md
  - docs/pkg/models/operations/listrefundsresponse.md
  - docs/pkg/models/operations/refundtransferrequest.md
  - docs/pkg/models/operations/refundtransferresponse.md
  - docs/pkg/models/operations/patchtransferrequest.md
  - docs/pkg/models/operations/patchtransferresponse.md
  - docs/pkg/models/shared/countries.md
  - docs/pkg/models/shared/accountaddress.md
  - docs/pkg/models/shared/accountphone.md
  - docs/pkg/models/shared/customersupport.md
  - docs/pkg/models/shared/achpayment.md
  - docs/pkg/models/shared/cardpayment.md
  - docs/pkg/models/shared/settings.md
  - docs/pkg/models/shared/termsofservice.md
  - docs/pkg/models/shared/account.md
  - docs/pkg/models/shared/verification.md
  - docs/pkg/models/shared/accountverificationstatus.md
  - docs/pkg/models/shared/verificationstatus.md
  - docs/pkg/models/shared/type.md
  - docs/pkg/models/shared/document.md
  - docs/pkg/models/shared/verificationstatusdetails.md
  - docs/pkg/models/shared/profileaddress.md
  - docs/pkg/models/shared/profileindustrycodes.md
  - docs/pkg/models/shared/profilephone.md
  - docs/pkg/models/shared/profilebusiness.md
  - docs/pkg/models/shared/profileschemasaddress.md
  - docs/pkg/models/shared/profileschemasphone.md
  - docs/pkg/models/shared/profileindividual.md
  - docs/pkg/models/shared/profile.md
  - docs/pkg/models/shared/name.md
  - docs/pkg/models/shared/representativeaddress.md
  - docs/pkg/models/shared/representativephone.md
  - docs/pkg/models/shared/representativeresponsibilities.md
  - docs/pkg/models/shared/representative.md
  - docs/pkg/models/shared/businesstype.md
  - docs/pkg/models/shared/mode.md
  - docs/pkg/models/shared/accounttype.md
  - docs/pkg/models/shared/createaccountrequestaddress.md
  - docs/pkg/models/shared/createaccountrequestphone.md
  - docs/pkg/models/shared/createaccountrequestcustomersupport.md
  - docs/pkg/models/shared/createaccountrequestachpayment.md
  - docs/pkg/models/shared/createaccountrequestcardpayment.md
  - docs/pkg/models/shared/createaccountrequestsettings.md
  - docs/pkg/models/shared/createaccountrequesttermsofservice.md
  - docs/pkg/models/shared/createaccountrequest.md
  - docs/pkg/models/shared/createprofileaddress.md
  - docs/pkg/models/shared/industrycodes.md
  - docs/pkg/models/shared/createprofilephone.md
  - docs/pkg/models/shared/taxid.md
  - docs/pkg/models/shared/business.md
  - docs/pkg/models/shared/createprofileschemasaddress.md
  - docs/pkg/models/shared/createprofilebirthdate.md
  - docs/pkg/models/shared/createprofileitin.md
  - docs/pkg/models/shared/createprofilessn.md
  - docs/pkg/models/shared/createprofilegovernmentid.md
  - docs/pkg/models/shared/createprofileschemasphone.md
  - docs/pkg/models/shared/individual.md
  - docs/pkg/models/shared/createprofile.md
  - docs/pkg/models/shared/ein.md
  - docs/pkg/models/shared/capabilityid.md
  - docs/pkg/models/shared/termsofservicetoken.md
  - docs/pkg/models/shared/patchaccountrequestaddress.md
  - docs/pkg/models/shared/patchaccountrequestphone.md
  - docs/pkg/models/shared/patchaccountrequestcustomersupport.md
  - docs/pkg/models/shared/patchaccountrequestschemasaddress.md
  - docs/pkg/models/shared/patchaccountrequestbusinesstype.md
  - docs/pkg/models/shared/patchaccountrequestindustrycodes.md
  - docs/pkg/models/shared/patchaccountrequestschemasphone.md
  - docs/pkg/models/shared/patchaccountrequesttaxid.md
  - docs/pkg/models/shared/patchaccountrequestbusiness.md
  - docs/pkg/models/shared/patchaccountrequestschemasprofileaddress.md
  - docs/pkg/models/shared/patchaccountrequestbirthdate.md
  - docs/pkg/models/shared/patchaccountrequestitin.md
  - docs/pkg/models/shared/patchaccountrequestssn.md
  - docs/pkg/models/shared/patchaccountrequestgovernmentid.md
  - docs/pkg/models/shared/patchaccountrequestname.md
  - docs/pkg/models/shared/patchaccountrequestschemasprofilephone.md
  - docs/pkg/models/shared/patchaccountrequestindividual.md
  - docs/pkg/models/shared/patchaccountrequestprofile.md
  - docs/pkg/models/shared/patchaccountrequestachpayment.md
  - docs/pkg/models/shared/patchaccountrequestcardpayment.md
  - docs/pkg/models/shared/patchaccountrequestsettings.md
  - docs/pkg/models/shared/patchaccountrequesttermsofservice.md
  - docs/pkg/models/shared/patchaccountrequest.md
  - docs/pkg/models/shared/linkedapplepaypaymentmethod.md
  - docs/pkg/models/shared/paymentmethodstype.md
  - docs/pkg/models/shared/applepayresponse.md
  - docs/pkg/models/shared/cardexpiration.md
  - docs/pkg/models/shared/cardtype.md
  - docs/pkg/models/shared/cardbrand.md
  - docs/pkg/models/shared/header.md
  - docs/pkg/models/shared/paymentdata.md
  - docs/pkg/models/shared/linkapplepaypaymentmethod.md
  - docs/pkg/models/shared/token.md
  - docs/pkg/models/shared/linkapplepay.md
  - docs/pkg/models/shared/card.md
  - docs/pkg/models/shared/cardverifications.md
  - docs/pkg/models/shared/cardverificationresult.md
  - docs/pkg/models/shared/cardaccountupdater.md
  - docs/pkg/models/shared/cardupdatereason.md
  - docs/pkg/models/shared/address.md
  - docs/pkg/models/shared/schemaswaitfor.md
  - docs/pkg/models/shared/cardrequest.md
  - docs/pkg/models/shared/createapplepaysession.md
  - docs/pkg/models/shared/applepaymerchantdomains.md
  - docs/pkg/models/shared/registerapplepaymerchantdomains.md
  - docs/pkg/models/shared/cardupdaterequest.md
  - docs/pkg/models/shared/updatecardexpiration.md
  - docs/pkg/models/shared/updateaddress.md
  - docs/pkg/models/shared/updateapplepaymerchantdomains.md
  - docs/pkg/models/shared/completemicrodepositsresponse.md
  - docs/pkg/models/shared/microdepositstatus.md
  - docs/pkg/models/shared/completemicrodepositsrequest.md
  - docs/pkg/models/shared/bankaccountresponse.md
  - docs/pkg/models/shared/bankaccountstatus.md
  - docs/pkg/models/shared/holdertype.md
  - docs/pkg/models/shared/bankaccounttype.md
  - docs/pkg/models/shared/bankaccountpayload.md
  - docs/pkg/models/shared/bankaccount.md
  - docs/pkg/models/shared/bankaccountintegration.md
  - docs/pkg/models/shared/plaid.md
  - docs/pkg/models/shared/plaidintegration.md
  - docs/pkg/models/shared/plaidlink.md
  - docs/pkg/models/shared/plaidlinkintegration.md
  - docs/pkg/models/shared/mx.md
  - docs/pkg/models/shared/mxauthorizationcode.md
  - docs/pkg/models/shared/capability.md
  - docs/pkg/models/shared/capabilitystatus.md
  - docs/pkg/models/shared/requirement.md
  - docs/pkg/models/shared/requirementerror.md
  - docs/pkg/models/shared/requirementid.md
  - docs/pkg/models/shared/requirementerrorcode.md
  - docs/pkg/models/shared/addcapabilityrequest.md
  - docs/pkg/models/shared/file.md
  - docs/pkg/models/shared/filestatus.md
  - docs/pkg/models/shared/filepurpose.md
  - docs/pkg/models/shared/fileuploadrequestfile.md
  - docs/pkg/models/shared/fileuploadrequest.md
  - docs/pkg/models/shared/schemasapplepay.md
  - docs/pkg/models/shared/applepay.md
  - docs/pkg/models/shared/schemascard.md
  - docs/pkg/models/shared/schemaspaymentmethodcardcard.md
  - docs/pkg/models/shared/schemasbankaccount.md
  - docs/pkg/models/shared/schemaspaymentmethodbankaccountbankaccount.md
  - docs/pkg/models/shared/schemaswallet.md
  - docs/pkg/models/shared/schemaspaymentmethodwalletwallet.md
  - docs/pkg/models/shared/paymentmethod.md
  - docs/pkg/models/shared/createrepresentativeaddress.md
  - docs/pkg/models/shared/createrepresentativebirthdate.md
  - docs/pkg/models/shared/itin.md
  - docs/pkg/models/shared/ssn.md
  - docs/pkg/models/shared/governmentid.md
  - docs/pkg/models/shared/createrepresentativename.md
  - docs/pkg/models/shared/createrepresentativephone.md
  - docs/pkg/models/shared/responsibilities.md
  - docs/pkg/models/shared/createrepresentative.md
  - docs/pkg/models/shared/patchrepresentativerequestaddress.md
  - docs/pkg/models/shared/patchrepresentativerequestbirthdate.md
  - docs/pkg/models/shared/patchrepresentativerequestitin.md
  - docs/pkg/models/shared/patchrepresentativerequestssn.md
  - docs/pkg/models/shared/patchrepresentativerequestgovernmentid.md
  - docs/pkg/models/shared/patchrepresentativerequestname.md
  - docs/pkg/models/shared/patchrepresentativerequestphone.md
  - docs/pkg/models/shared/patchrepresentativerequestresponsibilities.md
  - docs/pkg/models/shared/patchrepresentativerequest.md
  - docs/pkg/models/shared/underwriting.md
  - docs/pkg/models/shared/underwritingstatus.md
  - docs/pkg/models/shared/underwritingrequest.md
  - docs/pkg/models/shared/wallet.md
  - docs/pkg/models/shared/amount.md
  - docs/pkg/models/shared/wallettransaction.md
  - docs/pkg/models/shared/wallettransactiontype.md
  - docs/pkg/models/shared/wallettransactionstatus.md
  - docs/pkg/models/shared/wallettransactionsourcetype.md
  - docs/pkg/models/shared/timerange.md
  - docs/pkg/models/shared/limitedtimerange.md
  - docs/pkg/models/shared/enrichmentaddress.md
  - docs/pkg/models/shared/industries.md
  - docs/pkg/models/shared/industry.md
  - docs/pkg/models/shared/enrichmentprofile.md
  - docs/pkg/models/shared/enrichedbusiness.md
  - docs/pkg/models/shared/phone.md
  - docs/pkg/models/shared/enrichedindustrycodes.md
  - docs/pkg/models/shared/dispute.md
  - docs/pkg/models/shared/transfer.md
  - docs/pkg/models/shared/disputestatus.md
  - docs/pkg/models/shared/financialinstitutions.md
  - docs/pkg/models/shared/wireparticipant.md
  - docs/pkg/models/shared/wirelocation.md
  - docs/pkg/models/shared/achparticipant.md
  - docs/pkg/models/shared/achlocation.md
  - docs/pkg/models/shared/rail.md
  - docs/pkg/models/shared/issuedcard.md
  - docs/pkg/models/shared/issuedcardtype.md
  - docs/pkg/models/shared/issuedcardstate.md
  - docs/pkg/models/shared/authorizeduser.md
  - docs/pkg/models/shared/authorizationcontrols.md
  - docs/pkg/models/shared/authorizationspendlimitcontrol.md
  - docs/pkg/models/shared/authorizationspendduration.md
  - docs/pkg/models/shared/requestcard.md
  - docs/pkg/models/shared/createauthorizeduser.md
  - docs/pkg/models/shared/birthdate.md
  - docs/pkg/models/shared/fullissuedcard.md
  - docs/pkg/models/shared/updateissuedcard.md
  - docs/pkg/models/shared/issuedcardtransaction.md
  - docs/pkg/models/shared/issuedcardtransactiontype.md
  - docs/pkg/models/shared/issuedcardtransactionstatus.md
  - docs/pkg/models/shared/issuedcardtransactionmerchant.md
  - docs/pkg/models/shared/accesstokenresponse.md
  - docs/pkg/models/shared/tokentype.md
  - docs/pkg/models/shared/clientcredentialsgranttoaccesstokenresponse.md
  - docs/pkg/models/shared/error.md
  - docs/pkg/models/shared/clientcredentialsgranttoaccesstokenerrorresponse.md
  - docs/pkg/models/shared/granttype.md
  - docs/pkg/models/shared/clientcredentialsgranttoaccesstokenrequest.md
  - docs/pkg/models/shared/tokentypehint.md
  - docs/pkg/models/shared/revoketokenrequest.md
  - docs/pkg/models/shared/refundstatus.md
  - docs/pkg/models/shared/refundcarddetails.md
  - docs/pkg/models/shared/refundcardstatus.md
  - docs/pkg/models/shared/cardfailurecode.md
  - docs/pkg/models/shared/createdcancellation.md
  - docs/pkg/models/shared/cancellationstatus.md
  - docs/pkg/models/shared/createreversal.md
  - docs/pkg/models/shared/disputedamount.md
  - docs/pkg/models/shared/refundedamount.md
  - docs/pkg/models/shared/synchronoustransferresponse.md
  - docs/pkg/models/shared/transferpostresponse.md
  - docs/pkg/models/shared/createdtransfer.md
  - docs/pkg/models/shared/transferstatus.md
  - docs/pkg/models/shared/gettransferfullsourceapplepay.md
  - docs/pkg/models/shared/gettransferfullsourcebankaccount.md
  - docs/pkg/models/shared/gettransferfullsourcecard.md
  - docs/pkg/models/shared/gettransferfullsourcewallet.md
  - docs/pkg/models/shared/gettransferfullsource.md
  - docs/pkg/models/shared/carddetails.md
  - docs/pkg/models/shared/transactionsource.md
  - docs/pkg/models/shared/cardstatus.md
  - docs/pkg/models/shared/achdetailssource.md
  - docs/pkg/models/shared/achstatus.md
  - docs/pkg/models/shared/achexception.md
  - docs/pkg/models/shared/debitholdperiod.md
  - docs/pkg/models/shared/gettransferpartialaccount.md
  - docs/pkg/models/shared/failurereason.md
  - docs/pkg/models/shared/getfacilitatorfee.md
  - docs/pkg/models/shared/getdispute.md
  - docs/pkg/models/shared/gettransferfullsourcedestinationapplepay.md
  - docs/pkg/models/shared/gettransferfullsourcedestinationbankaccount.md
  - docs/pkg/models/shared/gettransferfullsourcedestinationcard.md
  - docs/pkg/models/shared/gettransferfullsourcedestinationwallet.md
  - docs/pkg/models/shared/gettransferfullsourcedestination.md
  - docs/pkg/models/shared/achdetailsbase.md
  - docs/pkg/models/shared/waitfor.md
  - docs/pkg/models/shared/destination.md
  - docs/pkg/models/shared/source.md
  - docs/pkg/models/shared/createtransfer.md
  - docs/pkg/models/shared/createcarddetails.md
  - docs/pkg/models/shared/createachdetailssourcedebitholdperiod.md
  - docs/pkg/models/shared/createachdetailssource.md
  - docs/pkg/models/shared/createfacilitatorfee.md
  - docs/pkg/models/shared/createachdetailsbase.md
  - docs/pkg/models/shared/destinationoptions.md
  - docs/pkg/models/shared/sourceoptions.md
  - docs/pkg/models/shared/createdtransferoptions.md
  - docs/pkg/models/shared/createtransferoptionsdestination.md
  - docs/pkg/models/shared/createtransferoptionssource.md
  - docs/pkg/models/shared/createtransferoptions.md
  - docs/pkg/models/shared/refundpostresponse.md
  - docs/pkg/models/shared/createdrefund.md
  - docs/pkg/models/shared/createrefund.md
  - docs/pkg/models/shared/patchtransfer.md
  - docs/pkg/models/shared/security.md
  - docs/pkg/models/shared/schemeoauth2credentials.md
  - docs/pkg/models/sdkerrors/capabilityrequesterror.md
  - docs/pkg/models/sdkerrors/accesstokenerrorresponse.md
  - docs/pkg/models/sdkerrors/schemasfailurecode.md
  - docs/pkg/models/sdkerrors/synchronousrefundresponse.md
  - docs/pkg/models/sdkerrors/createdreversal.md
  - docs/pkg/models/sdkerrors/error.md
  - docs/pkg/models/sdkerrors/failurecode.md
  - docs/pkg/models/sdkerrors/getrefund.md
  - docs/pkg/models/sdkerrors/disputedamount.md
  - docs/pkg/models/sdkerrors/refundedamount.md
  - docs/pkg/models/sdkerrors/gettransferfull.md
  - docs/sdks/moov/README.md
  - docs/sdks/accounts/README.md
  - docs/pkg/models/operations/option.md
  - docs/sdks/cards/README.md
  - docs/sdks/bankaccounts/README.md
  - docs/sdks/capabilities/README.md
  - docs/sdks/files/README.md
  - docs/sdks/paymentmethods/README.md
  - docs/sdks/representatives/README.md
  - docs/sdks/underwriting/README.md
  - docs/sdks/wallets/README.md
  - docs/sdks/analytics/README.md
  - docs/sdks/enrichment/README.md
  - docs/sdks/disputes/README.md
  - docs/sdks/institutions/README.md
  - docs/sdks/cardissuing/README.md
  - docs/sdks/transactions/README.md
  - docs/sdks/accesstoken/README.md
  - docs/sdks/transfers/README.md
  - USAGE.md
  - pkg/models/operations/options.go
  - .gitattributes
